
Microsoft Visual Studio Solution File, Format Version 12.00
# Visual Studio Version 17
VisualStudioVersion = 17.8.34004.107
MinimumVisualStudioVersion = 10.0.40219.1
Project("{FAE04EC0-301F-11D3-BF4B-00C04F79EFBC}") = "AIWebApp", "AIWebApp\AIWebApp.csproj", "{D36488FB-DA1A-4B37-8CFF-339D02218577}"
EndProject
Global
	GlobalSection(SolutionConfigurationPlatforms) = preSolution
		Debug|Any CPU = Debug|Any CPU
		Release|Any CPU = Release|Any CPU
	EndGlobalSection
	GlobalSection(ProjectConfigurationPlatforms) = postSolution
		{D36488FB-DA1A-4B37-8CFF-339D02218577}.Debug|Any CPU.ActiveCfg = Debug|Any CPU
		{D36488FB-DA1A-4B37-8CFF-339D02218577}.Debug|Any CPU.Build.0 = Debug|Any CPU
		{D36488FB-DA1A-4B37-8CFF-339D02218577}.Release|Any CPU.ActiveCfg = Release|Any CPU
		{D36488FB-DA1A-4B37-8CFF-339D02218577}.Release|Any CPU.Build.0 = Release|Any CPU
	EndGlobalSection
	GlobalSection(SolutionProperties) = preSolution
		HideSolutionNode = FALSE
	EndGlobalSection
	GlobalSection(ExtensibilityGlobals) = postSolution
		SolutionGuid = {B5DC592F-7213-4705-819D-575B07FD94C5}
	EndGlobalSection
EndGlobal
